PODS:
  - SZDCommons (0.0.1)

DEPENDENCIES:
  - SZDCommons (from `~/Documents/sanzapps/My Apps/SZDCommons`)

EXTERNAL SOURCES:
  SZDCommons:
    :path: "~/Documents/sanzapps/My Apps/SZDCommons"

SPEC CHECKSUMS:
  SZDCommons: b1dc9cbb9f09ede24246af67f3fcfa68e86efb7d

PODFILE CHECKSUM: d4c102b7cc218df4fe0887525f45e1fd992af4a5

COCOAPODS: 1.9.3
