PODS:
  - SZDCommons (0.0.1)

DEPENDENCIES:
  - SZDCommons (from `~/Documents/sanzapps/My Apps/SZDCommons`)

EXTERNAL SOURCES:
  SZDCommons:
    :path: "~/Documents/sanzapps/My Apps/SZDCommons"

SPEC CHECKSUMS:
  SZDCommons: bd96059b7fcd315c1d8582f50371ad800af74636

PODFILE CHECKSUM: d4c102b7cc218df4fe0887525f45e1fd992af4a5

COCOAPODS: 1.9.3
