// !$*UTF8*$!
{
	archiveVersion = 1;
	classes = {
	};
	objectVersion = 51;
	objects = {

/* Begin PBXBuildFile section */
		5A2FC618251E432B00002DBC /* Thing.swift in Sources */ = {isa = PBXBuildFile; fileRef = 5A2FC617251E432B00002DBC /* Thing.swift */; };
		5A2FC61A251E434A00002DBC /* Group.swift in Sources */ = {isa = PBXBuildFile; fileRef = 5A2FC619251E434A00002DBC /* Group.swift */; };
		5A2FC61C251E436C00002DBC /* Item.swift in Sources */ = {isa = PBXBuildFile; fileRef = 5A2FC61B251E436C00002DBC /* Item.swift */; };
		5A2FC620251E49C400002DBC /* ListController.swift in Sources */ = {isa = PBXBuildFile; fileRef = 5A2FC61F251E49C400002DBC /* ListController.swift */; };
		5A2FC623251E4B2A00002DBC /* Color.swift in Sources */ = {isa = PBXBuildFile; fileRef = 5A2FC622251E4B2A00002DBC /* Color.swift */; };
		5A2FC625251E4B3800002DBC /* Style.swift in Sources */ = {isa = PBXBuildFile; fileRef = 5A2FC624251E4B3800002DBC /* Style.swift */; };
		5A2FC627251E4B4A00002DBC /* Asset.swift in Sources */ = {isa = PBXBuildFile; fileRef = 5A2FC626251E4B4A00002DBC /* Asset.swift */; };
		5A2FC62A251E4DBB00002DBC /* ListTableView.swift in Sources */ = {isa = PBXBuildFile; fileRef = 5A2FC629251E4DBB00002DBC /* ListTableView.swift */; };
		5A2FC62C251E4E4800002DBC /* ListViewModel.swift in Sources */ = {isa = PBXBuildFile; fileRef = 5A2FC62B251E4E4800002DBC /* ListViewModel.swift */; };
		5A2FC62E251E4E9900002DBC /* GroupList.swift in Sources */ = {isa = PBXBuildFile; fileRef = 5A2FC62D251E4E9900002DBC /* GroupList.swift */; };
		5A2FC630251E50E500002DBC /* ThingViewModel.swift in Sources */ = {isa = PBXBuildFile; fileRef = 5A2FC62F251E50E500002DBC /* ThingViewModel.swift */; };
		5A2FC633251E8F5400002DBC /* ThingView.swift in Sources */ = {isa = PBXBuildFile; fileRef = 5A2FC632251E8F5400002DBC /* ThingView.swift */; };
		5A2FC635251E8F7800002DBC /* ThingController.swift in Sources */ = {isa = PBXBuildFile; fileRef = 5A2FC634251E8F7800002DBC /* ThingController.swift */; };
		5A2FC63725221EFF00002DBC /* ThingMap.swift in Sources */ = {isa = PBXBuildFile; fileRef = 5A2FC63625221EFF00002DBC /* ThingMap.swift */; };
		5A2FC6392522214A00002DBC /* Model.swift in Sources */ = {isa = PBXBuildFile; fileRef = 5A2FC6382522214A00002DBC /* Model.swift */; };
		5A2FC63B2524C55700002DBC /* ListTableHeader.swift in Sources */ = {isa = PBXBuildFile; fileRef = 5A2FC63A2524C55700002DBC /* ListTableHeader.swift */; };
		5A2FC63D2528B82700002DBC /* ItemListTableView.swift in Sources */ = {isa = PBXBuildFile; fileRef = 5A2FC63C2528B82600002DBC /* ItemListTableView.swift */; };
		5A2FC63F2528B89200002DBC /* ItemListController.swift in Sources */ = {isa = PBXBuildFile; fileRef = 5A2FC63E2528B89200002DBC /* ItemListController.swift */; };
		5AA479B1251BDE76004415DC /* AppDelegate.swift in Sources */ = {isa = PBXBuildFile; fileRef = 5AA479B0251BDE76004415DC /* AppDelegate.swift */; };
		5AA479B3251BDE76004415DC /* SceneDelegate.swift in Sources */ = {isa = PBXBuildFile; fileRef = 5AA479B2251BDE76004415DC /* SceneDelegate.swift */; };
		5AA479BA251BDE79004415DC /* Assets.xcassets in Resources */ = {isa = PBXBuildFile; fileRef = 5AA479B9251BDE79004415DC /* Assets.xcassets */; };
		5AA479BD251BDE79004415DC /* LaunchScreen.storyboard in Resources */ = {isa = PBXBuildFile; fileRef = 5AA479BB251BDE79004415DC /* LaunchScreen.storyboard */; };
		5AA479C8251BDE79004415DC /* SZDFavouritesTests.swift in Sources */ = {isa = PBXBuildFile; fileRef = 5AA479C7251BDE79004415DC /* SZDFavouritesTests.swift */; };
		6169A015E5B922B7D217EFAF /* Pods_SZDFavouritesTests.framework in Frameworks */ = {isa = PBXBuildFile; fileRef = 1C05E282377A48B5336628F2 /* Pods_SZDFavouritesTests.framework */; };
		95EE72F05D6B7BED7C7A1144 /* Pods_SZDFavourites.framework in Frameworks */ = {isa = PBXBuildFile; fileRef = 139784E6D89617EDE8CD2E90 /* Pods_SZDFavourites.framework */; };
/* End PBXBuildFile section */

/* Begin PBXContainerItemProxy section */
		5AA479C4251BDE79004415DC /* PBXContainerItemProxy */ = {
			isa = PBXContainerItemProxy;
			containerPortal = 5AA479A5251BDE76004415DC /* Project object */;
			proxyType = 1;
			remoteGlobalIDString = 5AA479AC251BDE76004415DC;
			remoteInfo = SZDFavourites;
		};
/* End PBXContainerItemProxy section */

/* Begin PBXFileReference section */
		139784E6D89617EDE8CD2E90 /* Pods_SZDFavourites.framework */ = {isa = PBXFileReference; explicitFileType = wrapper.framework; includeInIndex = 0; path = Pods_SZDFavourites.framework; sourceTree = BUILT_PRODUCTS_DIR; };
		1C05E282377A48B5336628F2 /* Pods_SZDFavouritesTests.framework */ = {isa = PBXFileReference; explicitFileType = wrapper.framework; includeInIndex = 0; path = Pods_SZDFavouritesTests.framework; sourceTree = BUILT_PRODUCTS_DIR; };
		5A2FC617251E432B00002DBC /* Thing.swift */ = {isa = PBXFileReference; lastKnownFileType = sourcecode.swift; path = Thing.swift; sourceTree = "<group>"; };
		5A2FC619251E434A00002DBC /* Group.swift */ = {isa = PBXFileReference; lastKnownFileType = sourcecode.swift; path = Group.swift; sourceTree = "<group>"; };
		5A2FC61B251E436C00002DBC /* Item.swift */ = {isa = PBXFileReference; lastKnownFileType = sourcecode.swift; path = Item.swift; sourceTree = "<group>"; };
		5A2FC61F251E49C400002DBC /* ListController.swift */ = {isa = PBXFileReference; lastKnownFileType = sourcecode.swift; path = ListController.swift; sourceTree = "<group>"; };
		5A2FC622251E4B2A00002DBC /* Color.swift */ = {isa = PBXFileReference; lastKnownFileType = sourcecode.swift; path = Color.swift; sourceTree = "<group>"; };
		5A2FC624251E4B3800002DBC /* Style.swift */ = {isa = PBXFileReference; lastKnownFileType = sourcecode.swift; path = Style.swift; sourceTree = "<group>"; };
		5A2FC626251E4B4A00002DBC /* Asset.swift */ = {isa = PBXFileReference; lastKnownFileType = sourcecode.swift; path = Asset.swift; sourceTree = "<group>"; };
		5A2FC629251E4DBB00002DBC /* ListTableView.swift */ = {isa = PBXFileReference; lastKnownFileType = sourcecode.swift; path = ListTableView.swift; sourceTree = "<group>"; };
		5A2FC62B251E4E4800002DBC /* ListViewModel.swift */ = {isa = PBXFileReference; lastKnownFileType = sourcecode.swift; path = ListViewModel.swift; sourceTree = "<group>"; };
		5A2FC62D251E4E9900002DBC /* GroupList.swift */ = {isa = PBXFileReference; lastKnownFileType = sourcecode.swift; path = GroupList.swift; sourceTree = "<group>"; };
		5A2FC62F251E50E500002DBC /* ThingViewModel.swift */ = {isa = PBXFileReference; lastKnownFileType = sourcecode.swift; path = ThingViewModel.swift; sourceTree = "<group>"; };
		5A2FC632251E8F5400002DBC /* ThingView.swift */ = {isa = PBXFileReference; lastKnownFileType = sourcecode.swift; path = ThingView.swift; sourceTree = "<group>"; };
		5A2FC634251E8F7800002DBC /* ThingController.swift */ = {isa = PBXFileReference; lastKnownFileType = sourcecode.swift; path = ThingController.swift; sourceTree = "<group>"; };
		5A2FC63625221EFF00002DBC /* ThingMap.swift */ = {isa = PBXFileReference; lastKnownFileType = sourcecode.swift; path = ThingMap.swift; sourceTree = "<group>"; };
		5A2FC6382522214A00002DBC /* Model.swift */ = {isa = PBXFileReference; lastKnownFileType = sourcecode.swift; path = Model.swift; sourceTree = "<group>"; };
		5A2FC63A2524C55700002DBC /* ListTableHeader.swift */ = {isa = PBXFileReference; lastKnownFileType = sourcecode.swift; path = ListTableHeader.swift; sourceTree = "<group>"; };
		5A2FC63C2528B82600002DBC /* ItemListTableView.swift */ = {isa = PBXFileReference; lastKnownFileType = sourcecode.swift; path = ItemListTableView.swift; sourceTree = "<group>"; };
		5A2FC63E2528B89200002DBC /* ItemListController.swift */ = {isa = PBXFileReference; lastKnownFileType = sourcecode.swift; path = ItemListController.swift; sourceTree = "<group>"; };
		5AA479AD251BDE76004415DC /* SZDFavourites.app */ = {isa = PBXFileReference; explicitFileType = wrapper.application; includeInIndex = 0; path = SZDFavourites.app; sourceTree = BUILT_PRODUCTS_DIR; };
		5AA479B0251BDE76004415DC /* AppDelegate.swift */ = {isa = PBXFileReference; lastKnownFileType = sourcecode.swift; path = AppDelegate.swift; sourceTree = "<group>"; };
		5AA479B2251BDE76004415DC /* SceneDelegate.swift */ = {isa = PBXFileReference; lastKnownFileType = sourcecode.swift; path = SceneDelegate.swift; sourceTree = "<group>"; };
		5AA479B9251BDE79004415DC /* Assets.xcassets */ = {isa = PBXFileReference; lastKnownFileType = folder.assetcatalog; path = Assets.xcassets; sourceTree = "<group>"; };
		5AA479BC251BDE79004415DC /* Base */ = {isa = PBXFileReference; lastKnownFileType = file.storyboard; name = Base; path = Base.lproj/LaunchScreen.storyboard; sourceTree = "<group>"; };
		5AA479BE251BDE79004415DC /* Info.plist */ = {isa = PBXFileReference; lastKnownFileType = text.plist.xml; path = Info.plist; sourceTree = "<group>"; };
		5AA479C3251BDE79004415DC /* SZDFavouritesTests.xctest */ = {isa = PBXFileReference; explicitFileType = wrapper.cfbundle; includeInIndex = 0; path = SZDFavouritesTests.xctest; sourceTree = BUILT_PRODUCTS_DIR; };
		5AA479C7251BDE79004415DC /* SZDFavouritesTests.swift */ = {isa = PBXFileReference; lastKnownFileType = sourcecode.swift; path = SZDFavouritesTests.swift; sourceTree = "<group>"; };
		5AA479C9251BDE79004415DC /* Info.plist */ = {isa = PBXFileReference; lastKnownFileType = text.plist.xml; path = Info.plist; sourceTree = "<group>"; };
		606439801229321C73585303 /* Pods-SZDFavourites.release.xcconfig */ = {isa = PBXFileReference; includeInIndex = 1; lastKnownFileType = text.xcconfig; name = "Pods-SZDFavourites.release.xcconfig"; path = "Target Support Files/Pods-SZDFavourites/Pods-SZDFavourites.release.xcconfig"; sourceTree = "<group>"; };
		61BA977D7F01027E934C4BE9 /* Pods-SZDFavourites.debug.xcconfig */ = {isa = PBXFileReference; includeInIndex = 1; lastKnownFileType = text.xcconfig; name = "Pods-SZDFavourites.debug.xcconfig"; path = "Target Support Files/Pods-SZDFavourites/Pods-SZDFavourites.debug.xcconfig"; sourceTree = "<group>"; };
		65FB25516E893A356C79FD41 /* Pods-SZDFavouritesTests.debug.xcconfig */ = {isa = PBXFileReference; includeInIndex = 1; lastKnownFileType = text.xcconfig; name = "Pods-SZDFavouritesTests.debug.xcconfig"; path = "Target Support Files/Pods-SZDFavouritesTests/Pods-SZDFavouritesTests.debug.xcconfig"; sourceTree = "<group>"; };
		990122889E6E626F40869F71 /* Pods-SZDFavouritesTests.release.xcconfig */ = {isa = PBXFileReference; includeInIndex = 1; lastKnownFileType = text.xcconfig; name = "Pods-SZDFavouritesTests.release.xcconfig"; path = "Target Support Files/Pods-SZDFavouritesTests/Pods-SZDFavouritesTests.release.xcconfig"; sourceTree = "<group>"; };
/* End PBXFileReference section */

/* Begin PBXFrameworksBuildPhase section */
		5AA479AA251BDE76004415DC /* Frameworks */ = {
			isa = PBXFrameworksBuildPhase;
			buildActionMask = 2147483647;
			files = (
				95EE72F05D6B7BED7C7A1144 /* Pods_SZDFavourites.framework in Frameworks */,
			);
			runOnlyForDeploymentPostprocessing = 0;
		};
		5AA479C0251BDE79004415DC /* Frameworks */ = {
			isa = PBXFrameworksBuildPhase;
			buildActionMask = 2147483647;
			files = (
				6169A015E5B922B7D217EFAF /* Pods_SZDFavouritesTests.framework in Frameworks */,
			);
			runOnlyForDeploymentPostprocessing = 0;
		};
/* End PBXFrameworksBuildPhase section */

/* Begin PBXGroup section */
		5A2FC616251E3FF900002DBC /* Model */ = {
			isa = PBXGroup;
			children = (
				5A2FC6382522214A00002DBC /* Model.swift */,
				5A2FC62D251E4E9900002DBC /* GroupList.swift */,
				5A2FC619251E434A00002DBC /* Group.swift */,
				5A2FC63625221EFF00002DBC /* ThingMap.swift */,
				5A2FC617251E432B00002DBC /* Thing.swift */,
				5A2FC61B251E436C00002DBC /* Item.swift */,
			);
			path = Model;
			sourceTree = "<group>";
		};
		5A2FC61D251E494700002DBC /* App */ = {
			isa = PBXGroup;
			children = (
				5AA479B0251BDE76004415DC /* AppDelegate.swift */,
				5AA479B2251BDE76004415DC /* SceneDelegate.swift */,
				5AA479B9251BDE79004415DC /* Assets.xcassets */,
				5AA479BB251BDE79004415DC /* LaunchScreen.storyboard */,
				5AA479BE251BDE79004415DC /* Info.plist */,
			);
			path = App;
			sourceTree = "<group>";
		};
		5A2FC61E251E499E00002DBC /* Controller */ = {
			isa = PBXGroup;
			children = (
				5A2FC61F251E49C400002DBC /* ListController.swift */,
				5A2FC634251E8F7800002DBC /* ThingController.swift */,
				5A2FC63E2528B89200002DBC /* ItemListController.swift */,
			);
			path = Controller;
			sourceTree = "<group>";
		};
		5A2FC621251E4B1500002DBC /* Constant */ = {
			isa = PBXGroup;
			children = (
				5A2FC626251E4B4A00002DBC /* Asset.swift */,
				5A2FC622251E4B2A00002DBC /* Color.swift */,
				5A2FC624251E4B3800002DBC /* Style.swift */,
			);
			path = Constant;
			sourceTree = "<group>";
		};
		5A2FC628251E4BA700002DBC /* View */ = {
			isa = PBXGroup;
			children = (
				5A2FC629251E4DBB00002DBC /* ListTableView.swift */,
				5A2FC632251E8F5400002DBC /* ThingView.swift */,
				5A2FC63A2524C55700002DBC /* ListTableHeader.swift */,
				5A2FC63C2528B82600002DBC /* ItemListTableView.swift */,
			);
			path = View;
			sourceTree = "<group>";
		};
		5A2FC631251E510400002DBC /* View Model */ = {
			isa = PBXGroup;
			children = (
				5A2FC62B251E4E4800002DBC /* ListViewModel.swift */,
				5A2FC62F251E50E500002DBC /* ThingViewModel.swift */,
			);
			path = "View Model";
			sourceTree = "<group>";
		};
		5A77EC43C233556EB6A5E653 /* Frameworks */ = {
			isa = PBXGroup;
			children = (
				139784E6D89617EDE8CD2E90 /* Pods_SZDFavourites.framework */,
				1C05E282377A48B5336628F2 /* Pods_SZDFavouritesTests.framework */,
			);
			name = Frameworks;
			sourceTree = "<group>";
		};
		5AA479A4251BDE76004415DC = {
			isa = PBXGroup;
			children = (
				5AA479AF251BDE76004415DC /* SZDFavourites */,
				5AA479C6251BDE79004415DC /* SZDFavouritesTests */,
				5AA479AE251BDE76004415DC /* Products */,
				6C9D0E08347C0120287E35ED /* Pods */,
				5A77EC43C233556EB6A5E653 /* Frameworks */,
			);
			sourceTree = "<group>";
		};
		5AA479AE251BDE76004415DC /* Products */ = {
			isa = PBXGroup;
			children = (
				5AA479AD251BDE76004415DC /* SZDFavourites.app */,
				5AA479C3251BDE79004415DC /* SZDFavouritesTests.xctest */,
			);
			name = Products;
			sourceTree = "<group>";
		};
		5AA479AF251BDE76004415DC /* SZDFavourites */ = {
			isa = PBXGroup;
			children = (
				5A2FC61D251E494700002DBC /* App */,
				5A2FC621251E4B1500002DBC /* Constant */,
				5A2FC616251E3FF900002DBC /* Model */,
				5A2FC628251E4BA700002DBC /* View */,
				5A2FC631251E510400002DBC /* View Model */,
				5A2FC61E251E499E00002DBC /* Controller */,
			);
			path = SZDFavourites;
			sourceTree = "<group>";
		};
		5AA479C6251BDE79004415DC /* SZDFavouritesTests */ = {
			isa = PBXGroup;
			children = (
				5AA479C7251BDE79004415DC /* SZDFavouritesTests.swift */,
				5AA479C9251BDE79004415DC /* Info.plist */,
			);
			path = SZDFavouritesTests;
			sourceTree = "<group>";
		};
		6C9D0E08347C0120287E35ED /* Pods */ = {
			isa = PBXGroup;
			children = (
				61BA977D7F01027E934C4BE9 /* Pods-SZDFavourites.debug.xcconfig */,
				606439801229321C73585303 /* Pods-SZDFavourites.release.xcconfig */,
				65FB25516E893A356C79FD41 /* Pods-SZDFavouritesTests.debug.xcconfig */,
				990122889E6E626F40869F71 /* Pods-SZDFavouritesTests.release.xcconfig */,
			);
			path = Pods;
			sourceTree = "<group>";
		};
/* End PBXGroup section */

/* Begin PBXNativeTarget section */
		5AA479AC251BDE76004415DC /* SZDFavourites */ = {
			isa = PBXNativeTarget;
			buildConfigurationList = 5AA479CC251BDE79004415DC /* Build configuration list for PBXNativeTarget "SZDFavourites" */;
			buildPhases = (
				E5D5D573EA3D158D21A35F27 /* [CP] Check Pods Manifest.lock */,
				5AA479A9251BDE76004415DC /* Sources */,
				5AA479AA251BDE76004415DC /* Frameworks */,
				5AA479AB251BDE76004415DC /* Resources */,
				FF698CAD0534C9693A9878F1 /* [CP] Embed Pods Frameworks */,
			);
			buildRules = (
			);
			dependencies = (
			);
			name = SZDFavourites;
			productName = SZDFavourites;
			productReference = 5AA479AD251BDE76004415DC /* SZDFavourites.app */;
			productType = "com.apple.product-type.application";
		};
		5AA479C2251BDE79004415DC /* SZDFavouritesTests */ = {
			isa = PBXNativeTarget;
			buildConfigurationList = 5AA479CF251BDE79004415DC /* Build configuration list for PBXNativeTarget "SZDFavouritesTests" */;
			buildPhases = (
				C89EEE89A334541C07BB59B3 /* [CP] Check Pods Manifest.lock */,
				5AA479BF251BDE79004415DC /* Sources */,
				5AA479C0251BDE79004415DC /* Frameworks */,
				5AA479C1251BDE79004415DC /* Resources */,
			);
			buildRules = (
			);
			dependencies = (
				5AA479C5251BDE79004415DC /* PBXTargetDependency */,
			);
			name = SZDFavouritesTests;
			productName = SZDFavouritesTests;
			productReference = 5AA479C3251BDE79004415DC /* SZDFavouritesTests.xctest */;
			productType = "com.apple.product-type.bundle.unit-test";
		};
/* End PBXNativeTarget section */

/* Begin PBXProject section */
		5AA479A5251BDE76004415DC /* Project object */ = {
			isa = PBXProject;
			attributes = {
				LastSwiftUpdateCheck = 1130;
				LastUpgradeCheck = 1130;
				ORGANIZATIONNAME = sandzapps;
				TargetAttributes = {
					5AA479AC251BDE76004415DC = {
						CreatedOnToolsVersion = 11.3.1;
					};
					5AA479C2251BDE79004415DC = {
						CreatedOnToolsVersion = 11.3.1;
						TestTargetID = 5AA479AC251BDE76004415DC;
					};
				};
			};
			buildConfigurationList = 5AA479A8251BDE76004415DC /* Build configuration list for PBXProject "SZDFavourites" */;
			compatibilityVersion = "Xcode 9.3";
			developmentRegion = en;
			hasScannedForEncodings = 0;
			knownRegions = (
				en,
				Base,
			);
			mainGroup = 5AA479A4251BDE76004415DC;
			productRefGroup = 5AA479AE251BDE76004415DC /* Products */;
			projectDirPath = "";
			projectRoot = "";
			targets = (
				5AA479AC251BDE76004415DC /* SZDFavourites */,
				5AA479C2251BDE79004415DC /* SZDFavouritesTests */,
			);
		};
/* End PBXProject section */

/* Begin PBXResourcesBuildPhase section */
		5AA479AB251BDE76004415DC /* Resources */ = {
			isa = PBXResourcesBuildPhase;
			buildActionMask = 2147483647;
			files = (
				5AA479BD251BDE79004415DC /* LaunchScreen.storyboard in Resources */,
				5AA479BA251BDE79004415DC /* Assets.xcassets in Resources */,
			);
			runOnlyForDeploymentPostprocessing = 0;
		};
		5AA479C1251BDE79004415DC /* Resources */ = {
			isa = PBXResourcesBuildPhase;
			buildActionMask = 2147483647;
			files = (
			);
			runOnlyForDeploymentPostprocessing = 0;
		};
/* End PBXResourcesBuildPhase section */

/* Begin PBXShellScriptBuildPhase section */
		C89EEE89A334541C07BB59B3 /* [CP] Check Pods Manifest.lock */ = {
			isa = PBXShellScriptBuildPhase;
			buildActionMask = 2147483647;
			files = (
			);
			inputFileListPaths = (
			);
			inputPaths = (
				"${PODS_PODFILE_DIR_PATH}/Podfile.lock",
				"${PODS_ROOT}/Manifest.lock",
			);
			name = "[CP] Check Pods Manifest.lock";
			outputFileListPaths = (
			);
			outputPaths = (
				"$(DERIVED_FILE_DIR)/Pods-SZDFavouritesTests-checkManifestLockResult.txt",
			);
			runOnlyForDeploymentPostprocessing = 0;
			shellPath = /bin/sh;
			shellScript = "diff \"${PODS_PODFILE_DIR_PATH}/Podfile.lock\" \"${PODS_ROOT}/Manifest.lock\" > /dev/null\nif [ $? != 0 ] ; then\n    # print error to STDERR\n    echo \"error: The sandbox is not in sync with the Podfile.lock. Run 'pod install' or update your CocoaPods installation.\" >&2\n    exit 1\nfi\n# This output is used by Xcode 'outputs' to avoid re-running this script phase.\necho \"SUCCESS\" > \"${SCRIPT_OUTPUT_FILE_0}\"\n";
			showEnvVarsInLog = 0;
		};
		E5D5D573EA3D158D21A35F27 /* [CP] Check Pods Manifest.lock */ = {
			isa = PBXShellScriptBuildPhase;
			buildActionMask = 2147483647;
			files = (
			);
			inputFileListPaths = (
			);
			inputPaths = (
				"${PODS_PODFILE_DIR_PATH}/Podfile.lock",
				"${PODS_ROOT}/Manifest.lock",
			);
			name = "[CP] Check Pods Manifest.lock";
			outputFileListPaths = (
			);
			outputPaths = (
				"$(DERIVED_FILE_DIR)/Pods-SZDFavourites-checkManifestLockResult.txt",
			);
			runOnlyForDeploymentPostprocessing = 0;
			shellPath = /bin/sh;
			shellScript = "diff \"${PODS_PODFILE_DIR_PATH}/Podfile.lock\" \"${PODS_ROOT}/Manifest.lock\" > /dev/null\nif [ $? != 0 ] ; then\n    # print error to STDERR\n    echo \"error: The sandbox is not in sync with the Podfile.lock. Run 'pod install' or update your CocoaPods installation.\" >&2\n    exit 1\nfi\n# This output is used by Xcode 'outputs' to avoid re-running this script phase.\necho \"SUCCESS\" > \"${SCRIPT_OUTPUT_FILE_0}\"\n";
			showEnvVarsInLog = 0;
		};
		FF698CAD0534C9693A9878F1 /* [CP] Embed Pods Frameworks */ = {
			isa = PBXShellScriptBuildPhase;
			buildActionMask = 2147483647;
			files = (
			);
			inputFileListPaths = (
				"${PODS_ROOT}/Target Support Files/Pods-SZDFavourites/Pods-SZDFavourites-frameworks-${CONFIGURATION}-input-files.xcfilelist",
			);
			name = "[CP] Embed Pods Frameworks";
			outputFileListPaths = (
				"${PODS_ROOT}/Target Support Files/Pods-SZDFavourites/Pods-SZDFavourites-frameworks-${CONFIGURATION}-output-files.xcfilelist",
			);
			runOnlyForDeploymentPostprocessing = 0;
			shellPath = /bin/sh;
			shellScript = "\"${PODS_ROOT}/Target Support Files/Pods-SZDFavourites/Pods-SZDFavourites-frameworks.sh\"\n";
			showEnvVarsInLog = 0;
		};
/* End PBXShellScriptBuildPhase section */

/* Begin PBXSourcesBuildPhase section */
		5AA479A9251BDE76004415DC /* Sources */ = {
			isa = PBXSourcesBuildPhase;
			buildActionMask = 2147483647;
			files = (
				5A2FC627251E4B4A00002DBC /* Asset.swift in Sources */,
				5A2FC63725221EFF00002DBC /* ThingMap.swift in Sources */,
				5A2FC63F2528B89200002DBC /* ItemListController.swift in Sources */,
				5A2FC63D2528B82700002DBC /* ItemListTableView.swift in Sources */,
				5A2FC618251E432B00002DBC /* Thing.swift in Sources */,
				5A2FC62C251E4E4800002DBC /* ListViewModel.swift in Sources */,
				5A2FC620251E49C400002DBC /* ListController.swift in Sources */,
				5A2FC62A251E4DBB00002DBC /* ListTableView.swift in Sources */,
				5A2FC623251E4B2A00002DBC /* Color.swift in Sources */,
				5AA479B1251BDE76004415DC /* AppDelegate.swift in Sources */,
				5A2FC630251E50E500002DBC /* ThingViewModel.swift in Sources */,
				5A2FC62E251E4E9900002DBC /* GroupList.swift in Sources */,
				5A2FC61A251E434A00002DBC /* Group.swift in Sources */,
				5A2FC63B2524C55700002DBC /* ListTableHeader.swift in Sources */,
				5A2FC61C251E436C00002DBC /* Item.swift in Sources */,
				5A2FC633251E8F5400002DBC /* ThingView.swift in Sources */,
				5A2FC635251E8F7800002DBC /* ThingController.swift in Sources */,
				5AA479B3251BDE76004415DC /* SceneDelegate.swift in Sources */,
				5A2FC625251E4B3800002DBC /* Style.swift in Sources */,
				5A2FC6392522214A00002DBC /* Model.swift in Sources */,
			);
			runOnlyForDeploymentPostprocessing = 0;
		};
		5AA479BF251BDE79004415DC /* Sources */ = {
			isa = PBXSourcesBuildPhase;
			buildActionMask = 2147483647;
			files = (
				5AA479C8251BDE79004415DC /* SZDFavouritesTests.swift in Sources */,
			);
			runOnlyForDeploymentPostprocessing = 0;
		};
/* End PBXSourcesBuildPhase section */

/* Begin PBXTargetDependency section */
		5AA479C5251BDE79004415DC /* PBXTargetDependency */ = {
			isa = PBXTargetDependency;
			target = 5AA479AC251BDE76004415DC /* SZDFavourites */;
			targetProxy = 5AA479C4251BDE79004415DC /* PBXContainerItemProxy */;
		};
/* End PBXTargetDependency section */

/* Begin PBXVariantGroup section */
		5AA479BB251BDE79004415DC /* LaunchScreen.storyboard */ = {
			isa = PBXVariantGroup;
			children = (
				5AA479BC251BDE79004415DC /* Base */,
			);
			name = LaunchScreen.storyboard;
			sourceTree = "<group>";
		};
/* End PBXVariantGroup section */

/* Begin XCBuildConfiguration section */
		5AA479CA251BDE79004415DC /* Debug */ = {
			isa = XCBuildConfiguration;
			buildSettings = {
				ALWAYS_SEARCH_USER_PATHS = NO;
				CLANG_ANALYZER_NONNULL = YES;
				CLANG_ANALYZER_NUMBER_OBJECT_CONVERSION = YES_AGGRESSIVE;
				CLANG_CXX_LANGUAGE_STANDARD = "gnu++14";
				CLANG_CXX_LIBRARY = "libc++";
				CLANG_ENABLE_MODULES = YES;
				CLANG_ENABLE_OBJC_ARC = YES;
				CLANG_ENABLE_OBJC_WEAK = YES;
				CLANG_WARN_BLOCK_CAPTURE_AUTORELEASING = YES;
				CLANG_WARN_BOOL_CONVERSION = YES;
				CLANG_WARN_COMMA = YES;
				CLANG_WARN_CONSTANT_CONVERSION = YES;
				CLANG_WARN_DEPRECATED_OBJC_IMPLEMENTATIONS = YES;
				CLANG_WARN_DIRECT_OBJC_ISA_USAGE = YES_ERROR;
				CLANG_WARN_DOCUMENTATION_COMMENTS = YES;
				CLANG_WARN_EMPTY_BODY = YES;
				CLANG_WARN_ENUM_CONVERSION = YES;
				CLANG_WARN_INFINITE_RECURSION = YES;
				CLANG_WARN_INT_CONVERSION = YES;
				CLANG_WARN_NON_LITERAL_NULL_CONVERSION = YES;
				CLANG_WARN_OBJC_IMPLICIT_RETAIN_SELF = YES;
				CLANG_WARN_OBJC_LITERAL_CONVERSION = YES;
				CLANG_WARN_OBJC_ROOT_CLASS = YES_ERROR;
				CLANG_WARN_RANGE_LOOP_ANALYSIS = YES;
				CLANG_WARN_STRICT_PROTOTYPES = YES;
				CLANG_WARN_SUSPICIOUS_MOVE = YES;
				CLANG_WARN_UNGUARDED_AVAILABILITY = YES_AGGRESSIVE;
				CLANG_WARN_UNREACHABLE_CODE = YES;
				CLANG_WARN__DUPLICATE_METHOD_MATCH = YES;
				COPY_PHASE_STRIP = NO;
				DEBUG_INFORMATION_FORMAT = dwarf;
				ENABLE_STRICT_OBJC_MSGSEND = YES;
				ENABLE_TESTABILITY = YES;
				GCC_C_LANGUAGE_STANDARD = gnu11;
				GCC_DYNAMIC_NO_PIC = NO;
				GCC_NO_COMMON_BLOCKS = YES;
				GCC_OPTIMIZATION_LEVEL = 0;
				GCC_PREPROCESSOR_DEFINITIONS = (
					"DEBUG=1",
					"$(inherited)",
				);
				GCC_WARN_64_TO_32_BIT_CONVERSION = YES;
				GCC_WARN_ABOUT_RETURN_TYPE = YES_ERROR;
				GCC_WARN_UNDECLARED_SELECTOR = YES;
				GCC_WARN_UNINITIALIZED_AUTOS = YES_AGGRESSIVE;
				GCC_WARN_UNUSED_FUNCTION = YES;
				GCC_WARN_UNUSED_VARIABLE = YES;
				IPHONEOS_DEPLOYMENT_TARGET = 13.0;
				MTL_ENABLE_DEBUG_INFO = INCLUDE_SOURCE;
				MTL_FAST_MATH = YES;
				ONLY_ACTIVE_ARCH = YES;
				SDKROOT = iphoneos;
				SWIFT_ACTIVE_COMPILATION_CONDITIONS = DEBUG;
				SWIFT_OPTIMIZATION_LEVEL = "-Onone";
			};
			name = Debug;
		};
		5AA479CB251BDE79004415DC /* Release */ = {
			isa = XCBuildConfiguration;
			buildSettings = {
				ALWAYS_SEARCH_USER_PATHS = NO;
				CLANG_ANALYZER_NONNULL = YES;
				CLANG_ANALYZER_NUMBER_OBJECT_CONVERSION = YES_AGGRESSIVE;
				CLANG_CXX_LANGUAGE_STANDARD = "gnu++14";
				CLANG_CXX_LIBRARY = "libc++";
				CLANG_ENABLE_MODULES = YES;
				CLANG_ENABLE_OBJC_ARC = YES;
				CLANG_ENABLE_OBJC_WEAK = YES;
				CLANG_WARN_BLOCK_CAPTURE_AUTORELEASING = YES;
				CLANG_WARN_BOOL_CONVERSION = YES;
				CLANG_WARN_COMMA = YES;
				CLANG_WARN_CONSTANT_CONVERSION = YES;
				CLANG_WARN_DEPRECATED_OBJC_IMPLEMENTATIONS = YES;
				CLANG_WARN_DIRECT_OBJC_ISA_USAGE = YES_ERROR;
				CLANG_WARN_DOCUMENTATION_COMMENTS = YES;
				CLANG_WARN_EMPTY_BODY = YES;
				CLANG_WARN_ENUM_CONVERSION = YES;
				CLANG_WARN_INFINITE_RECURSION = YES;
				CLANG_WARN_INT_CONVERSION = YES;
				CLANG_WARN_NON_LITERAL_NULL_CONVERSION = YES;
				CLANG_WARN_OBJC_IMPLICIT_RETAIN_SELF = YES;
				CLANG_WARN_OBJC_LITERAL_CONVERSION = YES;
				CLANG_WARN_OBJC_ROOT_CLASS = YES_ERROR;
				CLANG_WARN_RANGE_LOOP_ANALYSIS = YES;
				CLANG_WARN_STRICT_PROTOTYPES = YES;
				CLANG_WARN_SUSPICIOUS_MOVE = YES;
				CLANG_WARN_UNGUARDED_AVAILABILITY = YES_AGGRESSIVE;
				CLANG_WARN_UNREACHABLE_CODE = YES;
				CLANG_WARN__DUPLICATE_METHOD_MATCH = YES;
				COPY_PHASE_STRIP = NO;
				DEBUG_INFORMATION_FORMAT = "dwarf-with-dsym";
				ENABLE_NS_ASSERTIONS = NO;
				ENABLE_STRICT_OBJC_MSGSEND = YES;
				GCC_C_LANGUAGE_STANDARD = gnu11;
				GCC_NO_COMMON_BLOCKS = YES;
				GCC_WARN_64_TO_32_BIT_CONVERSION = YES;
				GCC_WARN_ABOUT_RETURN_TYPE = YES_ERROR;
				GCC_WARN_UNDECLARED_SELECTOR = YES;
				GCC_WARN_UNINITIALIZED_AUTOS = YES_AGGRESSIVE;
				GCC_WARN_UNUSED_FUNCTION = YES;
				GCC_WARN_UNUSED_VARIABLE = YES;
				IPHONEOS_DEPLOYMENT_TARGET = 13.0;
				MTL_ENABLE_DEBUG_INFO = NO;
				MTL_FAST_MATH = YES;
				SDKROOT = iphoneos;
				SWIFT_COMPILATION_MODE = wholemodule;
				SWIFT_OPTIMIZATION_LEVEL = "-O";
				VALIDATE_PRODUCT = YES;
			};
			name = Release;
		};
		5AA479CD251BDE79004415DC /* Debug */ = {
			isa = XCBuildConfiguration;
			baseConfigurationReference = 61BA977D7F01027E934C4BE9 /* Pods-SZDFavourites.debug.xcconfig */;
			buildSettings = {
				ASSETCATALOG_COMPILER_APPICON_NAME = AppIcon;
				CODE_SIGN_STYLE = Automatic;
				DEVELOPMENT_TEAM = FRXK2SYN9X;
				INFOPLIST_FILE = SZDFavourites/App/Info.plist;
				IPHONEOS_DEPLOYMENT_TARGET = 13.0;
				LD_RUNPATH_SEARCH_PATHS = (
					"$(inherited)",
					"@executable_path/Frameworks",
				);
				PRODUCT_BUNDLE_IDENTIFIER = com.sandzapps.SZDFavourites;
				PRODUCT_NAME = "$(TARGET_NAME)";
				SWIFT_VERSION = 5.0;
				TARGETED_DEVICE_FAMILY = "1,2";
			};
			name = Debug;
		};
		5AA479CE251BDE79004415DC /* Release */ = {
			isa = XCBuildConfiguration;
			baseConfigurationReference = 606439801229321C73585303 /* Pods-SZDFavourites.release.xcconfig */;
			buildSettings = {
				ASSETCATALOG_COMPILER_APPICON_NAME = AppIcon;
				CODE_SIGN_STYLE = Automatic;
				DEVELOPMENT_TEAM = FRXK2SYN9X;
				INFOPLIST_FILE = SZDFavourites/App/Info.plist;
				IPHONEOS_DEPLOYMENT_TARGET = 13.0;
				LD_RUNPATH_SEARCH_PATHS = (
					"$(inherited)",
					"@executable_path/Frameworks",
				);
				PRODUCT_BUNDLE_IDENTIFIER = com.sandzapps.SZDFavourites;
				PRODUCT_NAME = "$(TARGET_NAME)";
				SWIFT_VERSION = 5.0;
				TARGETED_DEVICE_FAMILY = "1,2";
			};
			name = Release;
		};
		5AA479D0251BDE79004415DC /* Debug */ = {
			isa = XCBuildConfiguration;
			baseConfigurationReference = 65FB25516E893A356C79FD41 /* Pods-SZDFavouritesTests.debug.xcconfig */;
			buildSettings = {
				ALWAYS_EMBED_SWIFT_STANDARD_LIBRARIES = YES;
				BUNDLE_LOADER = "$(TEST_HOST)";
				CODE_SIGN_STYLE = Automatic;
				DEVELOPMENT_TEAM = FRXK2SYN9X;
				INFOPLIST_FILE = SZDFavouritesTests/Info.plist;
				IPHONEOS_DEPLOYMENT_TARGET = 13.2;
				LD_RUNPATH_SEARCH_PATHS = (
					"$(inherited)",
					"@executable_path/Frameworks",
					"@loader_path/Frameworks",
				);
				PRODUCT_BUNDLE_IDENTIFIER = com.sandzapps.SZDFavouritesTests;
				PRODUCT_NAME = "$(TARGET_NAME)";
				SWIFT_VERSION = 5.0;
				TARGETED_DEVICE_FAMILY = "1,2";
				TEST_HOST = "$(BUILT_PRODUCTS_DIR)/SZDFavourites.app/SZDFavourites";
			};
			name = Debug;
		};
		5AA479D1251BDE79004415DC /* Release */ = {
			isa = XCBuildConfiguration;
			baseConfigurationReference = 990122889E6E626F40869F71 /* Pods-SZDFavouritesTests.release.xcconfig */;
			buildSettings = {
				ALWAYS_EMBED_SWIFT_STANDARD_LIBRARIES = YES;
				BUNDLE_LOADER = "$(TEST_HOST)";
				CODE_SIGN_STYLE = Automatic;
				DEVELOPMENT_TEAM = FRXK2SYN9X;
				INFOPLIST_FILE = SZDFavouritesTests/Info.plist;
				IPHONEOS_DEPLOYMENT_TARGET = 13.2;
				LD_RUNPATH_SEARCH_PATHS = (
					"$(inherited)",
					"@executable_path/Frameworks",
					"@loader_path/Frameworks",
				);
				PRODUCT_BUNDLE_IDENTIFIER = com.sandzapps.SZDFavouritesTests;
				PRODUCT_NAME = "$(TARGET_NAME)";
				SWIFT_VERSION = 5.0;
				TARGETED_DEVICE_FAMILY = "1,2";
				TEST_HOST = "$(BUILT_PRODUCTS_DIR)/SZDFavourites.app/SZDFavourites";
			};
			name = Release;
		};
/* End XCBuildConfiguration section */

/* Begin XCConfigurationList section */
		5AA479A8251BDE76004415DC /* Build configuration list for PBXProject "SZDFavourites" */ = {
			isa = XCConfigurationList;
			buildConfigurations = (
				5AA479CA251BDE79004415DC /* Debug */,
				5AA479CB251BDE79004415DC /* Release */,
			);
			defaultConfigurationIsVisible = 0;
			defaultConfigurationName = Release;
		};
		5AA479CC251BDE79004415DC /* Build configuration list for PBXNativeTarget "SZDFavourites" */ = {
			isa = XCConfigurationList;
			buildConfigurations = (
				5AA479CD251BDE79004415DC /* Debug */,
				5AA479CE251BDE79004415DC /* Release */,
			);
			defaultConfigurationIsVisible = 0;
			defaultConfigurationName = Release;
		};
		5AA479CF251BDE79004415DC /* Build configuration list for PBXNativeTarget "SZDFavouritesTests" */ = {
			isa = XCConfigurationList;
			buildConfigurations = (
				5AA479D0251BDE79004415DC /* Debug */,
				5AA479D1251BDE79004415DC /* Release */,
			);
			defaultConfigurationIsVisible = 0;
			defaultConfigurationName = Release;
		};
/* End XCConfigurationList section */
	};
	rootObject = 5AA479A5251BDE76004415DC /* Project object */;
}
